// !$*UTF8*$!
{
	archiveVersion = 1;
	classes = {
	};
	objectVersion = 55;
	objects = {

/* Begin PBXBuildFile section */
		B36555C7556238A1EF1F0FCD /* Pods_MiracleMorning.framework in Frameworks */ = {isa = PBXBuildFile; fileRef = D6AC8D2777C571106643CD54 /* Pods_MiracleMorning.framework */; };
		FB1D46FF285C78290012F1E3 /* UNNotificationCenter.swift in Sources */ = {isa = PBXBuildFile; fileRef = FB1D46FE285C78290012F1E3 /* UNNotificationCenter.swift */; };
		FB2D7E4F28576275001C35BA /* AlarmViewController.swift in Sources */ = {isa = PBXBuildFile; fileRef = FB2D7E4E28576275001C35BA /* AlarmViewController.swift */; };
		FB2D7E52285767F3001C35BA /* AlarmListCell.swift in Sources */ = {isa = PBXBuildFile; fileRef = FB2D7E50285767F3001C35BA /* AlarmListCell.swift */; };
		FB2D7E53285767F3001C35BA /* AlarmListCell.xib in Resources */ = {isa = PBXBuildFile; fileRef = FB2D7E51285767F3001C35BA /* AlarmListCell.xib */; };
		FB2D7E5528576B90001C35BA /* Alarm.swift in Sources */ = {isa = PBXBuildFile; fileRef = FB2D7E5428576B90001C35BA /* Alarm.swift */; };
		FB2D7E57285B1A72001C35BA /* AddAlarmViewController.swift in Sources */ = {isa = PBXBuildFile; fileRef = FB2D7E56285B1A72001C35BA /* AddAlarmViewController.swift */; };
		FB855BE42844C58F001B01EA /* AppDelegate.swift in Sources */ = {isa = PBXBuildFile; fileRef = FB855BE32844C58F001B01EA /* AppDelegate.swift */; };
		FB855BE62844C58F001B01EA /* SceneDelegate.swift in Sources */ = {isa = PBXBuildFile; fileRef = FB855BE52844C58F001B01EA /* SceneDelegate.swift */; };
		FB855BEB2844C58F001B01EA /* Main.storyboard in Resources */ = {isa = PBXBuildFile; fileRef = FB855BE92844C58F001B01EA /* Main.storyboard */; };
		FB855BED2844C592001B01EA /* Assets.xcassets in Resources */ = {isa = PBXBuildFile; fileRef = FB855BEC2844C592001B01EA /* Assets.xcassets */; };
		FB855BF02844C592001B01EA /* LaunchScreen.storyboard in Resources */ = {isa = PBXBuildFile; fileRef = FB855BEE2844C592001B01EA /* LaunchScreen.storyboard */; };
		FB855BF82844C618001B01EA /* LoginViewController.swift in Sources */ = {isa = PBXBuildFile; fileRef = FB855BF72844C618001B01EA /* LoginViewController.swift */; };
		FB855BFA2844F240001B01EA /* EnterEmailViewController.swift in Sources */ = {isa = PBXBuildFile; fileRef = FB855BF92844F240001B01EA /* EnterEmailViewController.swift */; };
		FB9C6757284F337C0013FBB1 /* MainViewController.swift in Sources */ = {isa = PBXBuildFile; fileRef = FB9C6756284F337C0013FBB1 /* MainViewController.swift */; };
		FB9C6759284F38C60013FBB1 /* GoogleService-Info.plist in Resources */ = {isa = PBXBuildFile; fileRef = FB9C6758284F38C60013FBB1 /* GoogleService-Info.plist */; };
/* End PBXBuildFile section */

/* Begin PBXFileReference section */
		44E1F7962ADDFE3E191FAC2C /* Pods-MiracleMorning.debug.xcconfig */ = {isa = PBXFileReference; includeInIndex = 1; lastKnownFileType = text.xcconfig; name = "Pods-MiracleMorning.debug.xcconfig"; path = "Target Support Files/Pods-MiracleMorning/Pods-MiracleMorning.debug.xcconfig"; sourceTree = "<group>"; };
		7FF3EF2EECC546A4EDC9FE71 /* Pods-MiracleMorning.release.xcconfig */ = {isa = PBXFileReference; includeInIndex = 1; lastKnownFileType = text.xcconfig; name = "Pods-MiracleMorning.release.xcconfig"; path = "Target Support Files/Pods-MiracleMorning/Pods-MiracleMorning.release.xcconfig"; sourceTree = "<group>"; };
		D6AC8D2777C571106643CD54 /* Pods_MiracleMorning.framework */ = {isa = PBXFileReference; explicitFileType = wrapper.framework; includeInIndex = 0; path = Pods_MiracleMorning.framework; sourceTree = BUILT_PRODUCTS_DIR; };
		FB1D46FE285C78290012F1E3 /* UNNotificationCenter.swift */ = {isa = PBXFileReference; lastKnownFileType = sourcecode.swift; path = UNNotificationCenter.swift; sourceTree = "<group>"; };
		FB2D7E4E28576275001C35BA /* AlarmViewController.swift */ = {isa = PBXFileReference; lastKnownFileType = sourcecode.swift; path = AlarmViewController.swift; sourceTree = "<group>"; };
		FB2D7E50285767F3001C35BA /* AlarmListCell.swift */ = {isa = PBXFileReference; lastKnownFileType = sourcecode.swift; path = AlarmListCell.swift; sourceTree = "<group>"; };
		FB2D7E51285767F3001C35BA /* AlarmListCell.xib */ = {isa = PBXFileReference; lastKnownFileType = file.xib; path = AlarmListCell.xib; sourceTree = "<group>"; };
		FB2D7E5428576B90001C35BA /* Alarm.swift */ = {isa = PBXFileReference; lastKnownFileType = sourcecode.swift; path = Alarm.swift; sourceTree = "<group>"; };
		FB2D7E56285B1A72001C35BA /* AddAlarmViewController.swift */ = {isa = PBXFileReference; lastKnownFileType = sourcecode.swift; path = AddAlarmViewController.swift; sourceTree = "<group>"; };
		FB855BE02844C58F001B01EA /* MiracleMorning.app */ = {isa = PBXFileReference; explicitFileType = wrapper.application; includeInIndex = 0; path = MiracleMorning.app; sourceTree = BUILT_PRODUCTS_DIR; };
		FB855BE32844C58F001B01EA /* AppDelegate.swift */ = {isa = PBXFileReference; lastKnownFileType = sourcecode.swift; path = AppDelegate.swift; sourceTree = "<group>"; };
		FB855BE52844C58F001B01EA /* SceneDelegate.swift */ = {isa = PBXFileReference; lastKnownFileType = sourcecode.swift; path = SceneDelegate.swift; sourceTree = "<group>"; };
		FB855BEA2844C58F001B01EA /* Base */ = {isa = PBXFileReference; lastKnownFileType = file.storyboard; name = Base; path = Base.lproj/Main.storyboard; sourceTree = "<group>"; };
		FB855BEC2844C592001B01EA /* Assets.xcassets */ = {isa = PBXFileReference; lastKnownFileType = folder.assetcatalog; path = Assets.xcassets; sourceTree = "<group>"; };
		FB855BEF2844C592001B01EA /* Base */ = {isa = PBXFileReference; lastKnownFileType = file.storyboard; name = Base; path = Base.lproj/LaunchScreen.storyboard; sourceTree = "<group>"; };
		FB855BF12844C592001B01EA /* Info.plist */ = {isa = PBXFileReference; lastKnownFileType = text.plist.xml; path = Info.plist; sourceTree = "<group>"; };
		FB855BF72844C618001B01EA /* LoginViewController.swift */ = {isa = PBXFileReference; lastKnownFileType = sourcecode.swift; path = LoginViewController.swift; sourceTree = "<group>"; };
		FB855BF92844F240001B01EA /* EnterEmailViewController.swift */ = {isa = PBXFileReference; lastKnownFileType = sourcecode.swift; path = EnterEmailViewController.swift; sourceTree = "<group>"; };
		FB9C6756284F337C0013FBB1 /* MainViewController.swift */ = {isa = PBXFileReference; lastKnownFileType = sourcecode.swift; path = MainViewController.swift; sourceTree = "<group>"; };
		FB9C6758284F38C60013FBB1 /* GoogleService-Info.plist */ = {isa = PBXFileReference; fileEncoding = 4; lastKnownFileType = text.plist.xml; name = "GoogleService-Info.plist"; path = "../../../Downloads/GoogleService-Info.plist"; sourceTree = "<group>"; };
/* End PBXFileReference section */

/* Begin PBXFrameworksBuildPhase section */
		FB855BDD2844C58F001B01EA /* Frameworks */ = {
			isa = PBXFrameworksBuildPhase;
			buildActionMask = 2147483647;
			files = (
				B36555C7556238A1EF1F0FCD /* Pods_MiracleMorning.framework in Frameworks */,
			);
			runOnlyForDeploymentPostprocessing = 0;
		};
/* End PBXFrameworksBuildPhase section */

/* Begin PBXGroup section */
		035984F7427971523D895D13 /* Frameworks */ = {
			isa = PBXGroup;
			children = (
				D6AC8D2777C571106643CD54 /* Pods_MiracleMorning.framework */,
			);
			name = Frameworks;
			sourceTree = "<group>";
		};
		863E7170BF65BA863ADF3D21 /* Pods */ = {
			isa = PBXGroup;
			children = (
				44E1F7962ADDFE3E191FAC2C /* Pods-MiracleMorning.debug.xcconfig */,
				7FF3EF2EECC546A4EDC9FE71 /* Pods-MiracleMorning.release.xcconfig */,
			);
			path = Pods;
			sourceTree = "<group>";
		};
		FB855BD72844C58F001B01EA = {
			isa = PBXGroup;
			children = (
				FB855BE22844C58F001B01EA /* MiracleMorning */,
				FB855BE12844C58F001B01EA /* Products */,
				863E7170BF65BA863ADF3D21 /* Pods */,
				035984F7427971523D895D13 /* Frameworks */,
			);
			sourceTree = "<group>";
		};
		FB855BE12844C58F001B01EA /* Products */ = {
			isa = PBXGroup;
			children = (
				FB855BE02844C58F001B01EA /* MiracleMorning.app */,
			);
			name = Products;
			sourceTree = "<group>";
		};
		FB855BE22844C58F001B01EA /* MiracleMorning */ = {
			isa = PBXGroup;
			children = (
				FB855BE32844C58F001B01EA /* AppDelegate.swift */,
				FB855BE52844C58F001B01EA /* SceneDelegate.swift */,
				FB855BE92844C58F001B01EA /* Main.storyboard */,
				FB855BEC2844C592001B01EA /* Assets.xcassets */,
				FB855BEE2844C592001B01EA /* LaunchScreen.storyboard */,
				FB855BF72844C618001B01EA /* LoginViewController.swift */,
				FB855BF92844F240001B01EA /* EnterEmailViewController.swift */,
				FB9C6756284F337C0013FBB1 /* MainViewController.swift */,
				FB855BF12844C592001B01EA /* Info.plist */,
				FB9C6758284F38C60013FBB1 /* GoogleService-Info.plist */,
				FB2D7E4E28576275001C35BA /* AlarmViewController.swift */,
				FB2D7E56285B1A72001C35BA /* AddAlarmViewController.swift */,
				FB2D7E50285767F3001C35BA /* AlarmListCell.swift */,
				FB2D7E51285767F3001C35BA /* AlarmListCell.xib */,
				FB1D46FE285C78290012F1E3 /* UNNotificationCenter.swift */,
				FB2D7E5428576B90001C35BA /* Alarm.swift */,
			);
			path = MiracleMorning;
			sourceTree = "<group>";
		};
/* End PBXGroup section */

/* Begin PBXNativeTarget section */
		FB855BDF2844C58F001B01EA /* MiracleMorning */ = {
			isa = PBXNativeTarget;
			buildConfigurationList = FB855BF42844C592001B01EA /* Build configuration list for PBXNativeTarget "MiracleMorning" */;
			buildPhases = (
				9254CF37E2DE8321A5DA4F61 /* [CP] Check Pods Manifest.lock */,
				FB855BDC2844C58F001B01EA /* Sources */,
				FB855BDD2844C58F001B01EA /* Frameworks */,
				FB855BDE2844C58F001B01EA /* Resources */,
				5F483010C11CFFF46575579A /* [CP] Embed Pods Frameworks */,
			);
			buildRules = (
			);
			dependencies = (
			);
			name = MiracleMorning;
			productName = MiracleMorning;
			productReference = FB855BE02844C58F001B01EA /* MiracleMorning.app */;
			productType = "com.apple.product-type.application";
		};
/* End PBXNativeTarget section */

/* Begin PBXProject section */
		FB855BD82844C58F001B01EA /* Project object */ = {
			isa = PBXProject;
			attributes = {
				BuildIndependentTargetsInParallel = 1;
				LastSwiftUpdateCheck = 1340;
				LastUpgradeCheck = 1340;
				TargetAttributes = {
					FB855BDF2844C58F001B01EA = {
						CreatedOnToolsVersion = 13.4;
					};
				};
			};
			buildConfigurationList = FB855BDB2844C58F001B01EA /* Build configuration list for PBXProject "MiracleMorning" */;
			compatibilityVersion = "Xcode 13.0";
			developmentRegion = en;
			hasScannedForEncodings = 0;
			knownRegions = (
				en,
				Base,
			);
			mainGroup = FB855BD72844C58F001B01EA;
			productRefGroup = FB855BE12844C58F001B01EA /* Products */;
			projectDirPath = "";
			projectRoot = "";
			targets = (
				FB855BDF2844C58F001B01EA /* MiracleMorning */,
			);
		};
/* End PBXProject section */

/* Begin PBXResourcesBuildPhase section */
		FB855BDE2844C58F001B01EA /* Resources */ = {
			isa = PBXResourcesBuildPhase;
			buildActionMask = 2147483647;
			files = (
				FB855BF02844C592001B01EA /* LaunchScreen.storyboard in Resources */,
				FB9C6759284F38C60013FBB1 /* GoogleService-Info.plist in Resources */,
				FB855BED2844C592001B01EA /* Assets.xcassets in Resources */,
				FB855BEB2844C58F001B01EA /* Main.storyboard in Resources */,
				FB2D7E53285767F3001C35BA /* AlarmListCell.xib in Resources */,
			);
			runOnlyForDeploymentPostprocessing = 0;
		};
/* End PBXResourcesBuildPhase section */

/* Begin PBXShellScriptBuildPhase section */
		5F483010C11CFFF46575579A /* [CP] Embed Pods Frameworks */ = {
			isa = PBXShellScriptBuildPhase;
			buildActionMask = 2147483647;
			files = (
			);
			inputFileListPaths = (
				"${PODS_ROOT}/Target Support Files/Pods-MiracleMorning/Pods-MiracleMorning-frameworks-${CONFIGURATION}-input-files.xcfilelist",
			);
			name = "[CP] Embed Pods Frameworks";
			outputFileListPaths = (
				"${PODS_ROOT}/Target Support Files/Pods-MiracleMorning/Pods-MiracleMorning-frameworks-${CONFIGURATION}-output-files.xcfilelist",
			);
			runOnlyForDeploymentPostprocessing = 0;
			shellPath = /bin/sh;
			shellScript = "\"${PODS_ROOT}/Target Support Files/Pods-MiracleMorning/Pods-MiracleMorning-frameworks.sh\"\n";
			showEnvVarsInLog = 0;
		};
		9254CF37E2DE8321A5DA4F61 /* [CP] Check Pods Manifest.lock */ = {
			isa = PBXShellScriptBuildPhase;
			buildActionMask = 2147483647;
			files = (
			);
			inputFileListPaths = (
			);
			inputPaths = (
				"${PODS_PODFILE_DIR_PATH}/Podfile.lock",
				"${PODS_ROOT}/Manifest.lock",
			);
			name = "[CP] Check Pods Manifest.lock";
			outputFileListPaths = (
			);
			outputPaths = (
				"$(DERIVED_FILE_DIR)/Pods-MiracleMorning-checkManifestLockResult.txt",
			);
			runOnlyForDeploymentPostprocessing = 0;
			shellPath = /bin/sh;
			shellScript = "diff \"${PODS_PODFILE_DIR_PATH}/Podfile.lock\" \"${PODS_ROOT}/Manifest.lock\" > /dev/null\nif [ $? != 0 ] ; then\n    # print error to STDERR\n    echo \"error: The sandbox is not in sync with the Podfile.lock. Run 'pod install' or update your CocoaPods installation.\" >&2\n    exit 1\nfi\n# This output is used by Xcode 'outputs' to avoid re-running this script phase.\necho \"SUCCESS\" > \"${SCRIPT_OUTPUT_FILE_0}\"\n";
			showEnvVarsInLog = 0;
		};
/* End PBXShellScriptBuildPhase section */

/* Begin PBXSourcesBuildPhase section */
		FB855BDC2844C58F001B01EA /* Sources */ = {
			isa = PBXSourcesBuildPhase;
			buildActionMask = 2147483647;
			files = (
				FB1D46FF285C78290012F1E3 /* UNNotificationCenter.swift in Sources */,
				FB855BF82844C618001B01EA /* LoginViewController.swift in Sources */,
				FB855BE42844C58F001B01EA /* AppDelegate.swift in Sources */,
				FB2D7E52285767F3001C35BA /* AlarmListCell.swift in Sources */,
				FB2D7E57285B1A72001C35BA /* AddAlarmViewController.swift in Sources */,
				FB2D7E5528576B90001C35BA /* Alarm.swift in Sources */,
				FB2D7E4F28576275001C35BA /* AlarmViewController.swift in Sources */,
				FB855BFA2844F240001B01EA /* EnterEmailViewController.swift in Sources */,
				FB855BE62844C58F001B01EA /* SceneDelegate.swift in Sources */,
				FB9C6757284F337C0013FBB1 /* MainViewController.swift in Sources */,
			);
			runOnlyForDeploymentPostprocessing = 0;
		};
/* End PBXSourcesBuildPhase section */

/* Begin PBXVariantGroup section */
		FB855BE92844C58F001B01EA /* Main.storyboard */ = {
			isa = PBXVariantGroup;
			children = (
				FB855BEA2844C58F001B01EA /* Base */,
			);
			name = Main.storyboard;
			sourceTree = "<group>";
		};
		FB855BEE2844C592001B01EA /* LaunchScreen.storyboard */ = {
			isa = PBXVariantGroup;
			children = (
				FB855BEF2844C592001B01EA /* Base */,
			);
			name = LaunchScreen.storyboard;
			sourceTree = "<group>";
		};
/* End PBXVariantGroup section */

/* Begin XCBuildConfiguration section */
		FB855BF22844C592001B01EA /* Debug */ = {
			isa = XCBuildConfiguration;
			buildSettings = {
				ALWAYS_SEARCH_USER_PATHS = NO;
				CLANG_ANALYZER_NONNULL = YES;
				CLANG_ANALYZER_NUMBER_OBJECT_CONVERSION = YES_AGGRESSIVE;
				CLANG_CXX_LANGUAGE_STANDARD = "gnu++17";
				CLANG_ENABLE_MODULES = YES;
				CLANG_ENABLE_OBJC_ARC = YES;
				CLANG_ENABLE_OBJC_WEAK = YES;
				CLANG_WARN_BLOCK_CAPTURE_AUTORELEASING = YES;
				CLANG_WARN_BOOL_CONVERSION = YES;
				CLANG_WARN_COMMA = YES;
				CLANG_WARN_CONSTANT_CONVERSION = YES;
				CLANG_WARN_DEPRECATED_OBJC_IMPLEMENTATIONS = YES;
				CLANG_WARN_DIRECT_OBJC_ISA_USAGE = YES_ERROR;
				CLANG_WARN_DOCUMENTATION_COMMENTS = YES;
				CLANG_WARN_EMPTY_BODY = YES;
				CLANG_WARN_ENUM_CONVERSION = YES;
				CLANG_WARN_INFINITE_RECURSION = YES;
				CLANG_WARN_INT_CONVERSION = YES;
				CLANG_WARN_NON_LITERAL_NULL_CONVERSION = YES;
				CLANG_WARN_OBJC_IMPLICIT_RETAIN_SELF = YES;
				CLANG_WARN_OBJC_LITERAL_CONVERSION = YES;
				CLANG_WARN_OBJC_ROOT_CLASS = YES_ERROR;
				CLANG_WARN_QUOTED_INCLUDE_IN_FRAMEWORK_HEADER = YES;
				CLANG_WARN_RANGE_LOOP_ANALYSIS = YES;
				CLANG_WARN_STRICT_PROTOTYPES = YES;
				CLANG_WARN_SUSPICIOUS_MOVE = YES;
				CLANG_WARN_UNGUARDED_AVAILABILITY = YES_AGGRESSIVE;
				CLANG_WARN_UNREACHABLE_CODE = YES;
				CLANG_WARN__DUPLICATE_METHOD_MATCH = YES;
				COPY_PHASE_STRIP = NO;
				DEBUG_INFORMATION_FORMAT = dwarf;
				ENABLE_STRICT_OBJC_MSGSEND = YES;
				ENABLE_TESTABILITY = YES;
				GCC_C_LANGUAGE_STANDARD = gnu11;
				GCC_DYNAMIC_NO_PIC = NO;
				GCC_NO_COMMON_BLOCKS = YES;
				GCC_OPTIMIZATION_LEVEL = 0;
				GCC_PREPROCESSOR_DEFINITIONS = (
					"DEBUG=1",
					"$(inherited)",
				);
				GCC_WARN_64_TO_32_BIT_CONVERSION = YES;
				GCC_WARN_ABOUT_RETURN_TYPE = YES_ERROR;
				GCC_WARN_UNDECLARED_SELECTOR = YES;
				GCC_WARN_UNINITIALIZED_AUTOS = YES_AGGRESSIVE;
				GCC_WARN_UNUSED_FUNCTION = YES;
				GCC_WARN_UNUSED_VARIABLE = YES;
				IPHONEOS_DEPLOYMENT_TARGET = 15.5;
				MTL_ENABLE_DEBUG_INFO = INCLUDE_SOURCE;
				MTL_FAST_MATH = YES;
				ONLY_ACTIVE_ARCH = YES;
				SDKROOT = iphoneos;
				SWIFT_ACTIVE_COMPILATION_CONDITIONS = DEBUG;
				SWIFT_OPTIMIZATION_LEVEL = "-Onone";
			};
			name = Debug;
		};
		FB855BF32844C592001B01EA /* Release */ = {
			isa = XCBuildConfiguration;
			buildSettings = {
				ALWAYS_SEARCH_USER_PATHS = NO;
				CLANG_ANALYZER_NONNULL = YES;
				CLANG_ANALYZER_NUMBER_OBJECT_CONVERSION = YES_AGGRESSIVE;
				CLANG_CXX_LANGUAGE_STANDARD = "gnu++17";
				CLANG_ENABLE_MODULES = YES;
				CLANG_ENABLE_OBJC_ARC = YES;
				CLANG_ENABLE_OBJC_WEAK = YES;
				CLANG_WARN_BLOCK_CAPTURE_AUTORELEASING = YES;
				CLANG_WARN_BOOL_CONVERSION = YES;
				CLANG_WARN_COMMA = YES;
				CLANG_WARN_CONSTANT_CONVERSION = YES;
				CLANG_WARN_DEPRECATED_OBJC_IMPLEMENTATIONS = YES;
				CLANG_WARN_DIRECT_OBJC_ISA_USAGE = YES_ERROR;
				CLANG_WARN_DOCUMENTATION_COMMENTS = YES;
				CLANG_WARN_EMPTY_BODY = YES;
				CLANG_WARN_ENUM_CONVERSION = YES;
				CLANG_WARN_INFINITE_RECURSION = YES;
				CLANG_WARN_INT_CONVERSION = YES;
				CLANG_WARN_NON_LITERAL_NULL_CONVERSION = YES;
				CLANG_WARN_OBJC_IMPLICIT_RETAIN_SELF = YES;
				CLANG_WARN_OBJC_LITERAL_CONVERSION = YES;
				CLANG_WARN_OBJC_ROOT_CLASS = YES_ERROR;
				CLANG_WARN_QUOTED_INCLUDE_IN_FRAMEWORK_HEADER = YES;
				CLANG_WARN_RANGE_LOOP_ANALYSIS = YES;
				CLANG_WARN_STRICT_PROTOTYPES = YES;
				CLANG_WARN_SUSPICIOUS_MOVE = YES;
				CLANG_WARN_UNGUARDED_AVAILABILITY = YES_AGGRESSIVE;
				CLANG_WARN_UNREACHABLE_CODE = YES;
				CLANG_WARN__DUPLICATE_METHOD_MATCH = YES;
				COPY_PHASE_STRIP = NO;
				DEBUG_INFORMATION_FORMAT = "dwarf-with-dsym";
				ENABLE_NS_ASSERTIONS = NO;
				ENABLE_STRICT_OBJC_MSGSEND = YES;
				GCC_C_LANGUAGE_STANDARD = gnu11;
				GCC_NO_COMMON_BLOCKS = YES;
				GCC_WARN_64_TO_32_BIT_CONVERSION = YES;
				GCC_WARN_ABOUT_RETURN_TYPE = YES_ERROR;
				GCC_WARN_UNDECLARED_SELECTOR = YES;
				GCC_WARN_UNINITIALIZED_AUTOS = YES_AGGRESSIVE;
				GCC_WARN_UNUSED_FUNCTION = YES;
				GCC_WARN_UNUSED_VARIABLE = YES;
				IPHONEOS_DEPLOYMENT_TARGET = 15.5;
				MTL_ENABLE_DEBUG_INFO = NO;
				MTL_FAST_MATH = YES;
				SDKROOT = iphoneos;
				SWIFT_COMPILATION_MODE = wholemodule;
				SWIFT_OPTIMIZATION_LEVEL = "-O";
				VALIDATE_PRODUCT = YES;
			};
			name = Release;
		};
		FB855BF52844C592001B01EA /* Debug */ = {
			isa = XCBuildConfiguration;
			baseConfigurationReference = 44E1F7962ADDFE3E191FAC2C /* Pods-MiracleMorning.debug.xcconfig */;
			buildSettings = {
				ASSETCATALOG_COMPILER_APPICON_NAME = AppIcon;
				ASSETCATALOG_COMPILER_GLOBAL_ACCENT_COLOR_NAME = AccentColor;
				CODE_SIGN_STYLE = Automatic;
				CURRENT_PROJECT_VERSION = 1;
				DEVELOPMENT_TEAM = A2Z3TZ2R89;
				GENERATE_INFOPLIST_FILE = YES;
				INFOPLIST_FILE = MiracleMorning/Info.plist;
				INFOPLIST_KEY_UIApplicationSupportsIndirectInputEvents = YES;
				INFOPLIST_KEY_UILaunchStoryboardName = LaunchScreen;
				INFOPLIST_KEY_UIMainStoryboardFile = Main;
				INFOPLIST_KEY_UISupportedInterfaceOrientations = "UIInterfaceOrientationPortrait UIInterfaceOrientationLandscapeLeft UIInterfaceOrientationLandscapeRight";
				INFOPLIST_KEY_UISupportedInterfaceOrientations_iPad = "UIInterfaceOrientationPortrait UIInterfaceOrientationPortraitUpsideDown UIInterfaceOrientationLandscapeLeft UIInterfaceOrientationLandscapeRight";
				INFOPLIST_KEY_UISupportedInterfaceOrientations_iPhone = "UIInterfaceOrientationPortrait UIInterfaceOrientationLandscapeLeft UIInterfaceOrientationLandscapeRight";
				IPHONEOS_DEPLOYMENT_TARGET = 15.5;
				LD_RUNPATH_SEARCH_PATHS = (
					"$(inherited)",
					"@executable_path/Frameworks",
				);
				MARKETING_VERSION = 1.0;
				PRODUCT_BUNDLE_IDENTIFIER = com.MiracleMorning;
				PRODUCT_NAME = "$(TARGET_NAME)";
				SWIFT_EMIT_LOC_STRINGS = YES;
				SWIFT_VERSION = 5.0;
				TARGETED_DEVICE_FAMILY = "1,2";
			};
			name = Debug;
		};
		FB855BF62844C592001B01EA /* Release */ = {
			isa = XCBuildConfiguration;
			baseConfigurationReference = 7FF3EF2EECC546A4EDC9FE71 /* Pods-MiracleMorning.release.xcconfig */;
			buildSettings = {
				ASSETCATALOG_COMPILER_APPICON_NAME = AppIcon;
				ASSETCATALOG_COMPILER_GLOBAL_ACCENT_COLOR_NAME = AccentColor;
				CODE_SIGN_STYLE = Automatic;
				CURRENT_PROJECT_VERSION = 1;
				DEVELOPMENT_TEAM = A2Z3TZ2R89;
				GENERATE_INFOPLIST_FILE = YES;
				INFOPLIST_FILE = MiracleMorning/Info.plist;
				INFOPLIST_KEY_UIApplicationSupportsIndirectInputEvents = YES;
				INFOPLIST_KEY_UILaunchStoryboardName = LaunchScreen;
				INFOPLIST_KEY_UIMainStoryboardFile = Main;
				INFOPLIST_KEY_UISupportedInterfaceOrientations = "UIInterfaceOrientationPortrait UIInterfaceOrientationLandscapeLeft UIInterfaceOrientationLandscapeRight";
				INFOPLIST_KEY_UISupportedInterfaceOrientations_iPad = "UIInterfaceOrientationPortrait UIInterfaceOrientationPortraitUpsideDown UIInterfaceOrientationLandscapeLeft UIInterfaceOrientationLandscapeRight";
				INFOPLIST_KEY_UISupportedInterfaceOrientations_iPhone = "UIInterfaceOrientationPortrait UIInterfaceOrientationLandscapeLeft UIInterfaceOrientationLandscapeRight";
				IPHONEOS_DEPLOYMENT_TARGET = 15.5;
				LD_RUNPATH_SEARCH_PATHS = (
					"$(inherited)",
					"@executable_path/Frameworks",
				);
				MARKETING_VERSION = 1.0;
				PRODUCT_BUNDLE_IDENTIFIER = com.MiracleMorning;
				PRODUCT_NAME = "$(TARGET_NAME)";
				SWIFT_EMIT_LOC_STRINGS = YES;
				SWIFT_VERSION = 5.0;
				TARGETED_DEVICE_FAMILY = "1,2";
			};
			name = Release;
		};
/* End XCBuildConfiguration section */

/* Begin XCConfigurationList section */
		FB855BDB2844C58F001B01EA /* Build configuration list for PBXProject "MiracleMorning" */ = {
			isa = XCConfigurationList;
			buildConfigurations = (
				FB855BF22844C592001B01EA /* Debug */,
				FB855BF32844C592001B01EA /* Release */,
			);
			defaultConfigurationIsVisible = 0;
			defaultConfigurationName = Release;
		};
		FB855BF42844C592001B01EA /* Build configuration list for PBXNativeTarget "MiracleMorning" */ = {
			isa = XCConfigurationList;
			buildConfigurations = (
				FB855BF52844C592001B01EA /* Debug */,
				FB855BF62844C592001B01EA /* Release */,
			);
			defaultConfigurationIsVisible = 0;
			defaultConfigurationName = Release;
		};
/* End XCConfigurationList section */
	};
	rootObject = FB855BD82844C58F001B01EA /* Project object */;
}
